
Microsoft Visual Studio Solution File, Format Version 12.00
# Visual Studio Version 17
VisualStudioVersion = 17.8.34525.116
MinimumVisualStudioVersion = 10.0.40219.1
Project("{8BC9CEB8-8B4A-11D0-8D11-00A0C91BC942}") = "Assigment 1 DSA", "Assigment 1 DSA\Assigment 1 DSA.vcxproj", "{50371793-496D-42D4-888E-69F7A5DE4B20}"
EndProject
Global
	GlobalSection(SolutionConfigurationPlatforms) = preSolution
		Debug|x64 = Debug|x64
		Debug|x86 = Debug|x86
		Release|x64 = Release|x64
		Release|x86 = Release|x86
	EndGlobalSection
	GlobalSection(ProjectConfigurationPlatforms) = postSolution
		{50371793-496D-42D4-888E-69F7A5DE4B20}.Debug|x64.ActiveCfg = Debug|x64
		{50371793-496D-42D4-888E-69F7A5DE4B20}.Debug|x64.Build.0 = Debug|x64
		{50371793-496D-42D4-888E-69F7A5DE4B20}.Debug|x86.ActiveCfg = Debug|Win32
		{50371793-496D-42D4-888E-69F7A5DE4B20}.Debug|x86.Build.0 = Debug|Win32
		{50371793-496D-42D4-888E-69F7A5DE4B20}.Release|x64.ActiveCfg = Release|x64
		{50371793-496D-42D4-888E-69F7A5DE4B20}.Release|x64.Build.0 = Release|x64
		{50371793-496D-42D4-888E-69F7A5DE4B20}.Release|x86.ActiveCfg = Release|Win32
		{50371793-496D-42D4-888E-69F7A5DE4B20}.Release|x86.Build.0 = Release|Win32
	EndGlobalSection
	GlobalSection(SolutionProperties) = preSolution
		HideSolutionNode = FALSE
	EndGlobalSection
	GlobalSection(ExtensibilityGlobals) = postSolution
		SolutionGuid = {1457FDE7-9DF2-467A-BCE2-B09F216FF5FE}
	EndGlobalSection
EndGlobal
